// !$*UTF8*$!
{
	archiveVersion = 1;
	classes = {
	};
	objectVersion = 46;
	objects = {

/* Begin PBXBuildFile section */
		4099F6201DCBB40800D7B75F /* LuaLibChartboost.cpp in Sources */ = {isa = PBXBuildFile; fileRef = 4099F61F1DCBB40800D7B75F /* LuaLibChartboost.cpp */; };
		40A3F74D1C0E411500E02F52 /* Chartboost.framework in Frameworks */ = {isa = PBXBuildFile; fileRef = 40A3F74C1C0E411500E02F52 /* Chartboost.framework */; };
		40A3F7571C0E414F00E02F52 /* ChartboostLuaExtraLib.cpp in Sources */ = {isa = PBXBuildFile; fileRef = 40A3F7541C0E414F00E02F52 /* ChartboostLuaExtraLib.cpp */; };
		40A3F7581C0E414F00E02F52 /* lua_chartboost.cpp in Sources */ = {isa = PBXBuildFile; fileRef = 40A3F7551C0E414F00E02F52 /* lua_chartboost.cpp */; };
		40A3F7591C0E414F00E02F52 /* LuaChartboostCallback.cpp in Sources */ = {isa = PBXBuildFile; fileRef = 40A3F7561C0E414F00E02F52 /* LuaChartboostCallback.cpp */; };
		40A3F75C1C0E415E00E02F52 /* AEChartboostDelegate.mm in Sources */ = {isa = PBXBuildFile; fileRef = 40A3F75A1C0E415E00E02F52 /* AEChartboostDelegate.mm */; };
		40A3F75D1C0E415E00E02F52 /* AEiOSLuaLibChartboost.mm in Sources */ = {isa = PBXBuildFile; fileRef = 40A3F75B1C0E415E00E02F52 /* AEiOSLuaLibChartboost.mm */; };
/* End PBXBuildFile section */

/* Begin PBXCopyFilesBuildPhase section */
		40A3F73D1C0E406C00E02F52 /* CopyFiles */ = {
			isa = PBXCopyFilesBuildPhase;
			buildActionMask = 2147483647;
			dstPath = "include/$(PRODUCT_NAME)";
			dstSubfolderSpec = 16;
			files = (
			);
			runOnlyForDeploymentPostprocessing = 0;
		};
/* End PBXCopyFilesBuildPhase section */

/* Begin PBXFileReference section */
		4099F61F1DCBB40800D7B75F /* LuaLibChartboost.cpp */ = {isa = PBXFileReference; fileEncoding = 4; lastKnownFileType = sourcecode.cpp.cpp; name = LuaLibChartboost.cpp; path = ../../../common/src/cpp/LuaLibChartboost.cpp; sourceTree = "<group>"; };
		40A3F73F1C0E406C00E02F52 /* libae_chartboost.a */ = {isa = PBXFileReference; explicitFileType = archive.ar; includeInIndex = 0; path = libae_chartboost.a; sourceTree = BUILT_PRODUCTS_DIR; };
		40A3F74C1C0E411500E02F52 /* Chartboost.framework */ = {isa = PBXFileReference; lastKnownFileType = wrapper.framework; name = Chartboost.framework; path = ../../../build/ios/libs/Chartboost.ios/Chartboost.framework; sourceTree = "<group>"; };
		40A3F7541C0E414F00E02F52 /* ChartboostLuaExtraLib.cpp */ = {isa = PBXFileReference; fileEncoding = 4; lastKnownFileType = sourcecode.cpp.cpp; name = ChartboostLuaExtraLib.cpp; path = ../../../common/src/cpp/ChartboostLuaExtraLib.cpp; sourceTree = "<group>"; };
		40A3F7551C0E414F00E02F52 /* lua_chartboost.cpp */ = {isa = PBXFileReference; fileEncoding = 4; lastKnownFileType = sourcecode.cpp.cpp; name = lua_chartboost.cpp; path = ../../../common/src/cpp/lua_chartboost.cpp; sourceTree = "<group>"; };
		40A3F7561C0E414F00E02F52 /* LuaChartboostCallback.cpp */ = {isa = PBXFileReference; fileEncoding = 4; lastKnownFileType = sourcecode.cpp.cpp; name = LuaChartboostCallback.cpp; path = ../../../common/src/cpp/LuaChartboostCallback.cpp; sourceTree = "<group>"; };
		40A3F75A1C0E415E00E02F52 /* AEChartboostDelegate.mm */ = {isa = PBXFileReference; fileEncoding = 4; lastKnownFileType = sourcecode.cpp.objcpp; name = AEChartboostDelegate.mm; path = ../../src/AEChartboostDelegate.mm; sourceTree = "<group>"; };
		40A3F75B1C0E415E00E02F52 /* AEiOSLuaLibChartboost.mm */ = {isa = PBXFileReference; fileEncoding = 4; lastKnownFileType = sourcecode.cpp.objcpp; name = AEiOSLuaLibChartboost.mm; path = ../../src/AEiOSLuaLibChartboost.mm; sourceTree = "<group>"; };
/* End PBXFileReference section */

/* Begin PBXFrameworksBuildPhase section */
		40A3F73C1C0E406C00E02F52 /* Frameworks */ = {
			isa = PBXFrameworksBuildPhase;
			buildActionMask = 2147483647;
			files = (
				40A3F74D1C0E411500E02F52 /* Chartboost.framework in Frameworks */,
			);
			runOnlyForDeploymentPostprocessing = 0;
		};
/* End PBXFrameworksBuildPhase section */

/* Begin PBXGroup section */
		40A3F7361C0E406C00E02F52 = {
			isa = PBXGroup;
			children = (
				40A3F74E1C0E411800E02F52 /* ae_chartboost */,
				40A3F74C1C0E411500E02F52 /* Chartboost.framework */,
				40A3F7401C0E406C00E02F52 /* Products */,
			);
			sourceTree = "<group>";
		};
		40A3F7401C0E406C00E02F52 /* Products */ = {
			isa = PBXGroup;
			children = (
				40A3F73F1C0E406C00E02F52 /* libae_chartboost.a */,
			);
			name = Products;
			sourceTree = "<group>";
		};
		40A3F74E1C0E411800E02F52 /* ae_chartboost */ = {
			isa = PBXGroup;
			children = (
				40A3F7511C0E413600E02F52 /* ios */,
				40A3F74F1C0E412D00E02F52 /* common */,
			);
			name = ae_chartboost;
			sourceTree = "<group>";
		};
		40A3F74F1C0E412D00E02F52 /* common */ = {
			isa = PBXGroup;
			children = (
				40A3F7501C0E413200E02F52 /* src */,
			);
			name = common;
			sourceTree = "<group>";
		};
		40A3F7501C0E413200E02F52 /* src */ = {
			isa = PBXGroup;
			children = (
				4099F61F1DCBB40800D7B75F /* LuaLibChartboost.cpp */,
				40A3F7541C0E414F00E02F52 /* ChartboostLuaExtraLib.cpp */,
				40A3F7551C0E414F00E02F52 /* lua_chartboost.cpp */,
				40A3F7561C0E414F00E02F52 /* LuaChartboostCallback.cpp */,
			);
			name = src;
			sourceTree = "<group>";
		};
		40A3F7511C0E413600E02F52 /* ios */ = {
			isa = PBXGroup;
			children = (
				40A3F7531C0E414000E02F52 /* src */,
			);
			name = ios;
			sourceTree = "<group>";
		};
		40A3F7531C0E414000E02F52 /* src */ = {
			isa = PBXGroup;
			children = (
				40A3F75A1C0E415E00E02F52 /* AEChartboostDelegate.mm */,
				40A3F75B1C0E415E00E02F52 /* AEiOSLuaLibChartboost.mm */,
			);
			name = src;
			sourceTree = "<group>";
		};
/* End PBXGroup section */

/* Begin PBXNativeTarget section */
		40A3F73E1C0E406C00E02F52 /* ae_chartboost */ = {
			isa = PBXNativeTarget;
			buildConfigurationList = 40A3F7481C0E406C00E02F52 /* Build configuration list for PBXNativeTarget "ae_chartboost" */;
			buildPhases = (
				40A3F73B1C0E406C00E02F52 /* Sources */,
				40A3F73C1C0E406C00E02F52 /* Frameworks */,
				40A3F73D1C0E406C00E02F52 /* CopyFiles */,
			);
			buildRules = (
			);
			dependencies = (
			);
			name = ae_chartboost;
			productName = ae_chartboost;
			productReference = 40A3F73F1C0E406C00E02F52 /* libae_chartboost.a */;
			productType = "com.apple.product-type.library.static";
		};
/* End PBXNativeTarget section */

/* Begin PBXProject section */
		40A3F7371C0E406C00E02F52 /* Project object */ = {
			isa = PBXProject;
			attributes = {
				LastUpgradeCheck = 0710;
				ORGANIZATIONNAME = AndCreations;
				TargetAttributes = {
					40A3F73E1C0E406C00E02F52 = {
						CreatedOnToolsVersion = 7.1.1;
					};
				};
			};
			buildConfigurationList = 40A3F73A1C0E406C00E02F52 /* Build configuration list for PBXProject "ae_chartboost" */;
			compatibilityVersion = "Xcode 3.2";
			developmentRegion = English;
			hasScannedForEncodings = 0;
			knownRegions = (
				en,
			);
			mainGroup = 40A3F7361C0E406C00E02F52;
			productRefGroup = 40A3F7401C0E406C00E02F52 /* Products */;
			projectDirPath = "";
			projectRoot = "";
			targets = (
				40A3F73E1C0E406C00E02F52 /* ae_chartboost */,
			);
		};
/* End PBXProject section */

/* Begin PBXSourcesBuildPhase section */
		40A3F73B1C0E406C00E02F52 /* Sources */ = {
			isa = PBXSourcesBuildPhase;
			buildActionMask = 2147483647;
			files = (
				40A3F7571C0E414F00E02F52 /* ChartboostLuaExtraLib.cpp in Sources */,
				40A3F75D1C0E415E00E02F52 /* AEiOSLuaLibChartboost.mm in Sources */,
				40A3F75C1C0E415E00E02F52 /* AEChartboostDelegate.mm in Sources */,
				4099F6201DCBB40800D7B75F /* LuaLibChartboost.cpp in Sources */,
				40A3F7581C0E414F00E02F52 /* lua_chartboost.cpp in Sources */,
				40A3F7591C0E414F00E02F52 /* LuaChartboostCallback.cpp in Sources */,
			);
			runOnlyForDeploymentPostprocessing = 0;
		};
/* End PBXSourcesBuildPhase section */

/* Begin XCBuildConfiguration section */
		40A3F7461C0E406C00E02F52 /* Debug */ = {
			isa = XCBuildConfiguration;
			buildSettings = {
				ALWAYS_SEARCH_USER_PATHS = NO;
				CLANG_CXX_LANGUAGE_STANDARD = "gnu++0x";
				CLANG_CXX_LIBRARY = "libc++";
				CLANG_ENABLE_MODULES = YES;
				CLANG_ENABLE_OBJC_ARC = YES;
				CLANG_WARN_BOOL_CONVERSION = YES;
				CLANG_WARN_CONSTANT_CONVERSION = YES;
				CLANG_WARN_DIRECT_OBJC_ISA_USAGE = YES_ERROR;
				CLANG_WARN_EMPTY_BODY = YES;
				CLANG_WARN_ENUM_CONVERSION = YES;
				CLANG_WARN_INT_CONVERSION = YES;
				CLANG_WARN_OBJC_ROOT_CLASS = YES_ERROR;
				CLANG_WARN_UNREACHABLE_CODE = YES;
				CLANG_WARN__DUPLICATE_METHOD_MATCH = YES;
				"CODE_SIGN_IDENTITY[sdk=iphoneos*]" = "iPhone Developer";
				COPY_PHASE_STRIP = NO;
				DEBUG_INFORMATION_FORMAT = dwarf;
				ENABLE_STRICT_OBJC_MSGSEND = YES;
				ENABLE_TESTABILITY = YES;
				GCC_C_LANGUAGE_STANDARD = gnu99;
				GCC_DYNAMIC_NO_PIC = NO;
				GCC_NO_COMMON_BLOCKS = YES;
				GCC_OPTIMIZATION_LEVEL = 0;
				GCC_PREPROCESSOR_DEFINITIONS = (
					"DEBUG=1",
					"$(inherited)",
				);
				GCC_WARN_64_TO_32_BIT_CONVERSION = YES;
				GCC_WARN_ABOUT_RETURN_TYPE = YES_ERROR;
				GCC_WARN_UNDECLARED_SELECTOR = YES;
				GCC_WARN_UNINITIALIZED_AUTOS = YES_AGGRESSIVE;
				GCC_WARN_UNUSED_FUNCTION = YES;
				GCC_WARN_UNUSED_VARIABLE = YES;
				IPHONEOS_DEPLOYMENT_TARGET = 9.1;
				MTL_ENABLE_DEBUG_INFO = YES;
				ONLY_ACTIVE_ARCH = YES;
				SDKROOT = iphoneos;
			};
			name = Debug;
		};
		40A3F7471C0E406C00E02F52 /* Release */ = {
			isa = XCBuildConfiguration;
			buildSettings = {
				ALWAYS_SEARCH_USER_PATHS = NO;
				CLANG_CXX_LANGUAGE_STANDARD = "gnu++0x";
				CLANG_CXX_LIBRARY = "libc++";
				CLANG_ENABLE_MODULES = YES;
				CLANG_ENABLE_OBJC_ARC = YES;
				CLANG_WARN_BOOL_CONVERSION = YES;
				CLANG_WARN_CONSTANT_CONVERSION = YES;
				CLANG_WARN_DIRECT_OBJC_ISA_USAGE = YES_ERROR;
				CLANG_WARN_EMPTY_BODY = YES;
				CLANG_WARN_ENUM_CONVERSION = YES;
				CLANG_WARN_INT_CONVERSION = YES;
				CLANG_WARN_OBJC_ROOT_CLASS = YES_ERROR;
				CLANG_WARN_UNREACHABLE_CODE = YES;
				CLANG_WARN__DUPLICATE_METHOD_MATCH = YES;
				"CODE_SIGN_IDENTITY[sdk=iphoneos*]" = "iPhone Developer";
				COPY_PHASE_STRIP = NO;
				DEBUG_INFORMATION_FORMAT = "dwarf-with-dsym";
				ENABLE_NS_ASSERTIONS = NO;
				ENABLE_STRICT_OBJC_MSGSEND = YES;
				GCC_C_LANGUAGE_STANDARD = gnu99;
				GCC_NO_COMMON_BLOCKS = YES;
				GCC_WARN_64_TO_32_BIT_CONVERSION = YES;
				GCC_WARN_ABOUT_RETURN_TYPE = YES_ERROR;
				GCC_WARN_UNDECLARED_SELECTOR = YES;
				GCC_WARN_UNINITIALIZED_AUTOS = YES_AGGRESSIVE;
				GCC_WARN_UNUSED_FUNCTION = YES;
				GCC_WARN_UNUSED_VARIABLE = YES;
				IPHONEOS_DEPLOYMENT_TARGET = 9.1;
				MTL_ENABLE_DEBUG_INFO = NO;
				SDKROOT = iphoneos;
				VALIDATE_PRODUCT = YES;
			};
			name = Release;
		};
		40A3F7491C0E406C00E02F52 /* Debug */ = {
			isa = XCBuildConfiguration;
			buildSettings = {
				AE_DIST = /Users/ac/andcreations/ae/dist/build/dist;
				FRAMEWORK_SEARCH_PATHS = "$(PLUGIN_DIR)/build/ios/libs/Chartboost.ios";
				HEADER_SEARCH_PATHS = (
					"$(AE_DIST)/src/lua/include",
					"$(AE_DIST)/src/ae/include",
					"$(PLUGIN_DIR)/common/src/cpp/include",
					"$(PLUGIN_DIR)/ios/src/include",
				);
				OTHER_LDFLAGS = "-ObjC";
				PLUGIN_DIR = "$(PROJECT_DIR)/../../..";
				PRODUCT_NAME = "$(TARGET_NAME)";
				SKIP_INSTALL = YES;
			};
			name = Debug;
		};
		40A3F74A1C0E406C00E02F52 /* Release */ = {
			isa = XCBuildConfiguration;
			buildSettings = {
				AE_DIST = /Users/ac/andcreations/ae/dist/build/dist;
				FRAMEWORK_SEARCH_PATHS = "$(PLUGIN_DIR)/build/ios/libs/Chartboost.ios";
				HEADER_SEARCH_PATHS = (
					"$(AE_DIST)/src/lua/include",
					"$(AE_DIST)/src/ae/include",
					"$(PLUGIN_DIR)/common/src/cpp/include",
					"$(PLUGIN_DIR)/ios/src/include",
				);
				OTHER_LDFLAGS = "-ObjC";
				PLUGIN_DIR = "$(PROJECT_DIR)/../../..";
				PRODUCT_NAME = "$(TARGET_NAME)";
				SKIP_INSTALL = YES;
			};
			name = Release;
		};
/* End XCBuildConfiguration section */

/* Begin XCConfigurationList section */
		40A3F73A1C0E406C00E02F52 /* Build configuration list for PBXProject "ae_chartboost" */ = {
			isa = XCConfigurationList;
			buildConfigurations = (
				40A3F7461C0E406C00E02F52 /* Debug */,
				40A3F7471C0E406C00E02F52 /* Release */,
			);
			defaultConfigurationIsVisible = 0;
			defaultConfigurationName = Release;
		};
		40A3F7481C0E406C00E02F52 /* Build configuration list for PBXNativeTarget "ae_chartboost" */ = {
			isa = XCConfigurationList;
			buildConfigurations = (
				40A3F7491C0E406C00E02F52 /* Debug */,
				40A3F74A1C0E406C00E02F52 /* Release */,
			);
			defaultConfigurationIsVisible = 0;
			defaultConfigurationName = Release;
		};
/* End XCConfigurationList section */
	};
	rootObject = 40A3F7371C0E406C00E02F52 /* Project object */;
}
